// !$*UTF8*$!
{
	archiveVersion = 1;
	classes = {
	};
	objectVersion = 46;
	objects = {
		5E618435888B9D49F8540165 = {
			buildActionMask = 2147483647;
			files = (
				);
			isa = PBXShellScriptBuildPhase;
			runOnlyForDeploymentPostprocessing = 0;
			name = "Qt Qmake";
			shellPath = "/bin/sh";
			shellScript = "make -C /Users/Birkir/Desktop/vln1-35/VL1-project -f qt_makeqmake.mak";
			showEnvVarsInLog = "0";
		};
		2B64BE245F7BE1558AE9A6FA = {
			isa = PBXFileReference;
			path = "/Users/Birkir/Desktop/vln1-35/VL1-project/main.cpp";
			name = "main.cpp";
			sourceTree = "<absolute>";
			lastKnownFileType = "sourcecode.cpp.cpp";
		};
		1494B38763F8A9A916DFF1A2 = {
			fileRef = "2B64BE245F7BE1558AE9A6FA";
			isa = PBXBuildFile;
			settings = {
				ATTRIBUTES = (
					);
			};
		};
		91F3CD788A1F14A2721CF45A = {
			isa = PBXFileReference;
			path = "/Users/Birkir/Desktop/vln1-35/VL1-project/datalayer.cpp";
			name = "datalayer.cpp";
			sourceTree = "<absolute>";
			lastKnownFileType = "sourcecode.cpp.cpp";
		};
		26CAF05B3B15EF7F070A8ACD = {
			fileRef = "91F3CD788A1F14A2721CF45A";
			isa = PBXBuildFile;
			settings = {
				ATTRIBUTES = (
					);
			};
		};
		6CDFD95EB4ABEBA8B3AC6D2A = {
			isa = PBXFileReference;
			path = "/Users/Birkir/Desktop/vln1-35/VL1-project/scientist.cpp";
			name = "scientist.cpp";
			sourceTree = "<absolute>";
			lastKnownFileType = "sourcecode.cpp.cpp";
		};
		CEA1603D386521716AD9344B = {
			fileRef = "6CDFD95EB4ABEBA8B3AC6D2A";
			isa = PBXBuildFile;
			settings = {
				ATTRIBUTES = (
					);
			};
		};
		FADB953010F4ECC2F2AC5D42 = {
			isa = PBXFileReference;
			path = "/Users/Birkir/Desktop/vln1-35/VL1-project/computer.cpp";
			name = "computer.cpp";
			sourceTree = "<absolute>";
			lastKnownFileType = "sourcecode.cpp.cpp";
		};
		0E37D1B36E7DE5366FF8D4A9 = {
			fileRef = "FADB953010F4ECC2F2AC5D42";
			isa = PBXBuildFile;
			settings = {
				ATTRIBUTES = (
					);
			};
		};
		795D031FF7CD4201B24674E5 = {
			isa = PBXFileReference;
			path = "/Users/Birkir/Desktop/vln1-35/VL1-project/servicelayer.cpp";
			name = "servicelayer.cpp";
			sourceTree = "<absolute>";
			lastKnownFileType = "sourcecode.cpp.cpp";
		};
		7796C2ED6D55B69113E67EE5 = {
			fileRef = "795D031FF7CD4201B24674E5";
			isa = PBXBuildFile;
			settings = {
				ATTRIBUTES = (
					);
			};
		};
		9B4CC28B1B79AC4934BED026 = {
			isa = PBXFileReference;
			path = "/Users/Birkir/Desktop/vln1-35/VL1-project/mainwindow.cpp";
			name = "mainwindow.cpp";
			sourceTree = "<absolute>";
			lastKnownFileType = "sourcecode.cpp.cpp";
		};
		AC9F6A45184CDE0E5194BE82 = {
			fileRef = "9B4CC28B1B79AC4934BED026";
			isa = PBXBuildFile;
			settings = {
				ATTRIBUTES = (
					);
			};
		};
		A837DCC7B8ABDED9FBFC58DD = {
			isa = PBXFileReference;
			path = "/Users/Birkir/Desktop/vln1-35/VL1-project/addscientistwindow.cpp";
			name = "addscientistwindow.cpp";
			sourceTree = "<absolute>";
			lastKnownFileType = "sourcecode.cpp.cpp";
		};
		A4D320C5B1FA71A25A193261 = {
			fileRef = "A837DCC7B8ABDED9FBFC58DD";
			isa = PBXBuildFile;
			settings = {
				ATTRIBUTES = (
					);
			};
		};
		2E01DA5DFDF6CF217CFF6351 = {
			isa = PBXFileReference;
			path = "/Users/Birkir/Desktop/vln1-35/VL1-project/addcomputerwindow.cpp";
			name = "addcomputerwindow.cpp";
			sourceTree = "<absolute>";
			lastKnownFileType = "sourcecode.cpp.cpp";
		};
		FABFAB1CD7D592F6CEDE2F14 = {
			fileRef = "2E01DA5DFDF6CF217CFF6351";
			isa = PBXBuildFile;
			settings = {
				ATTRIBUTES = (
					);
			};
		};
		5BE7FD5A2F8BC6ED98953B73 = {
			isa = PBXFileReference;
			path = "/Users/Birkir/Desktop/vln1-35/VL1-project/moc_mainwindow.cpp";
			name = "moc_mainwindow.cpp";
			sourceTree = "<absolute>";
			lastKnownFileType = "sourcecode.cpp.cpp";
		};
		5650C7D269AB0D54328E0AB7 = {
			fileRef = "5BE7FD5A2F8BC6ED98953B73";
			isa = PBXBuildFile;
			settings = {
				ATTRIBUTES = (
					);
			};
		};
		8C3A3A620E84718EB8D56BB5 = {
			isa = PBXFileReference;
			path = "/Users/Birkir/Desktop/vln1-35/VL1-project/moc_addscientistwindow.cpp";
			name = "moc_addscientistwindow.cpp";
			sourceTree = "<absolute>";
			lastKnownFileType = "sourcecode.cpp.cpp";
		};
		D38A1A3B785E5FE00EED4456 = {
			fileRef = "8C3A3A620E84718EB8D56BB5";
			isa = PBXBuildFile;
			settings = {
				ATTRIBUTES = (
					);
			};
		};
		8DBCAAA11003F7B84907F369 = {
			isa = PBXFileReference;
			path = "/Users/Birkir/Desktop/vln1-35/VL1-project/moc_addcomputerwindow.cpp";
			name = "moc_addcomputerwindow.cpp";
			sourceTree = "<absolute>";
			lastKnownFileType = "sourcecode.cpp.cpp";
		};
		DA1E3CE14374434A588A42D3 = {
			fileRef = "8DBCAAA11003F7B84907F369";
			isa = PBXBuildFile;
			settings = {
				ATTRIBUTES = (
					);
			};
		};
		1E594A6D7F7F97619D80BB41 = {
			isa = PBXFileReference;
			path = "/Users/Birkir/Desktop/vln1-35/VL1-project/ui_mainwindow.h";
			name = "ui_mainwindow.h";
			sourceTree = "<absolute>";
			lastKnownFileType = "sourcecode.c.h";
		};
		883BB56E81BDA8A4FC4F7D5E = {
			isa = PBXFileReference;
			path = "/Users/Birkir/Desktop/vln1-35/VL1-project/ui_addscientistwindow.h";
			name = "ui_addscientistwindow.h";
			sourceTree = "<absolute>";
			lastKnownFileType = "sourcecode.c.h";
		};
		2766A788FF52910B4E8E9981 = {
			isa = PBXFileReference;
			path = "/Users/Birkir/Desktop/vln1-35/VL1-project/ui_addcomputerwindow.h";
			name = "ui_addcomputerwindow.h";
			sourceTree = "<absolute>";
			lastKnownFileType = "sourcecode.c.h";
		};
		AAD21BA7D2D6FC8959FBE573 = {
			isa = PBXFileReference;
			path = "/Users/Birkir/Desktop/vln1-35/VL1-project/datalayer.h";
			name = "datalayer.h";
			sourceTree = "<absolute>";
			lastKnownFileType = "sourcecode.c.h";
		};
		46DF96AC62E55FF7B40F2CB6 = {
			isa = PBXFileReference;
			path = "/Users/Birkir/Desktop/vln1-35/VL1-project/scientist.h";
			name = "scientist.h";
			sourceTree = "<absolute>";
			lastKnownFileType = "sourcecode.c.h";
		};
		BF847FF066DE8C8DE44B88D4 = {
			isa = PBXFileReference;
			path = "/Users/Birkir/Desktop/vln1-35/VL1-project/computer.h";
			name = "computer.h";
			sourceTree = "<absolute>";
			lastKnownFileType = "sourcecode.c.h";
		};
		A7D15FA2F9EDFE6E38E72B84 = {
			isa = PBXFileReference;
			path = "/Users/Birkir/Desktop/vln1-35/VL1-project/servicelayer.h";
			name = "servicelayer.h";
			sourceTree = "<absolute>";
			lastKnownFileType = "sourcecode.c.h";
		};
		64940B294F2E05A944EFE67F = {
			isa = PBXFileReference;
			path = "/Users/Birkir/Desktop/vln1-35/VL1-project/const.h";
			name = "const.h";
			sourceTree = "<absolute>";
			lastKnownFileType = "sourcecode.c.h";
		};
		9033B1871E522844B54971A5 = {
			isa = PBXFileReference;
			path = "/Users/Birkir/Desktop/vln1-35/VL1-project/mainwindow.h";
			name = "mainwindow.h";
			sourceTree = "<absolute>";
			lastKnownFileType = "sourcecode.c.h";
		};
		AC633AE7A6DB64DB75831C41 = {
			isa = PBXFileReference;
			path = "/Users/Birkir/Desktop/vln1-35/VL1-project/addscientistwindow.h";
			name = "addscientistwindow.h";
			sourceTree = "<absolute>";
			lastKnownFileType = "sourcecode.c.h";
		};
		3B82A419523A0F5E956FADFC = {
			isa = PBXFileReference;
			path = "/Users/Birkir/Desktop/vln1-35/VL1-project/addcomputerwindow.h";
			name = "addcomputerwindow.h";
			sourceTree = "<absolute>";
			lastKnownFileType = "sourcecode.c.h";
		};
		E18357EBC97C264E16A9C5C4 = {
			isa = PBXFileReference;
			path = "/Users/Birkir/Desktop/vln1-35/VL1-project/VL1-project.pro";
			name = "VL1-project.pro";
			sourceTree = "<absolute>";
			lastKnownFileType = "text";
		};
		412EF4B239FD0CCB618C48DD = {
			isa = PBXFileReference;
			path = "/Users/Birkir/Desktop/vln1-35/VL1-project/.qmake.stash";
			name = ".qmake.stash";
			sourceTree = "<absolute>";
		};
		86698406988C7B702D49324E = {
			isa = PBXFileReference;
			path = "/Users/Birkir/Desktop/vln1-35/VL1-project/mainwindow.ui";
			name = "mainwindow.ui";
			sourceTree = "<absolute>";
		};
		0D0E8C08965B302E081C4FC0 = {
			fileRef = "86698406988C7B702D49324E";
			isa = PBXBuildFile;
			settings = {
				ATTRIBUTES = (
					);
			};
		};
		A23F57702CB4688AAB4C6FCF = {
			isa = PBXFileReference;
			path = "/Users/Birkir/Desktop/vln1-35/VL1-project/addscientistwindow.ui";
			name = "addscientistwindow.ui";
			sourceTree = "<absolute>";
		};
		DDCABD23FE9336B2372BD251 = {
			fileRef = "A23F57702CB4688AAB4C6FCF";
			isa = PBXBuildFile;
			settings = {
				ATTRIBUTES = (
					);
			};
		};
		FEE269D5E9919A8397A412FD = {
			isa = PBXFileReference;
			path = "/Users/Birkir/Desktop/vln1-35/VL1-project/addcomputerwindow.ui";
			name = "addcomputerwindow.ui";
			sourceTree = "<absolute>";
		};
		384EE569A97B7D5380DFF6ED = {
			fileRef = "FEE269D5E9919A8397A412FD";
			isa = PBXBuildFile;
			settings = {
				ATTRIBUTES = (
					);
			};
		};
		25B08E2869634E9BCBA333A2 = {
			isa = PBXGroup;
			children = (
				"5BE7FD5A2F8BC6ED98953B73",
				"8C3A3A620E84718EB8D56BB5",
				"8DBCAAA11003F7B84907F369",
				"1E594A6D7F7F97619D80BB41",
				"883BB56E81BDA8A4FC4F7D5E",
				"2766A788FF52910B4E8E9981");
			name = "Generated Sources";
			sourceTree = "<group>";
		};
		2EB56BE3C2D93CDAB0C52E67 = {
			isa = PBXGroup;
			children = (
				"2B64BE245F7BE1558AE9A6FA",
				"91F3CD788A1F14A2721CF45A",
				"6CDFD95EB4ABEBA8B3AC6D2A",
				"FADB953010F4ECC2F2AC5D42",
				"795D031FF7CD4201B24674E5",
				"9B4CC28B1B79AC4934BED026",
				"A837DCC7B8ABDED9FBFC58DD",
				"2E01DA5DFDF6CF217CFF6351",
				"AAD21BA7D2D6FC8959FBE573",
				"46DF96AC62E55FF7B40F2CB6",
				"BF847FF066DE8C8DE44B88D4",
				"A7D15FA2F9EDFE6E38E72B84",
				"64940B294F2E05A944EFE67F",
				"9033B1871E522844B54971A5",
				"AC633AE7A6DB64DB75831C41",
				"3B82A419523A0F5E956FADFC");
			name = "Sources";
			sourceTree = "<group>";
		};
		12E908B8A1C3C07C115504F5 = {
			isa = PBXGroup;
			children = (
				"86698406988C7B702D49324E",
				"A23F57702CB4688AAB4C6FCF",
				"FEE269D5E9919A8397A412FD");
			name = "Sources [uic]";
			sourceTree = "<group>";
		};
		74B182DB50CB5611B5C1C297 = {
			isa = PBXGroup;
			children = (
				"E18357EBC97C264E16A9C5C4",
				"412EF4B239FD0CCB618C48DD");
			name = "Supporting Files";
			sourceTree = "<group>";
		};
		7EF0942E79C014DCEC8976BC = {
			buildActionMask = 2147483647;
			files = (
				);
			isa = PBXShellScriptBuildPhase;
			runOnlyForDeploymentPostprocessing = 0;
			name = "Qt Preprocessors";
			shellPath = "/bin/sh";
			shellScript = "make -C /Users/Birkir/Desktop/vln1-35/VL1-project -f qt_preprocess.mak";
			showEnvVarsInLog = "0";
		};
		F7E50F631C51CD5B5DC0BC43 = {
			buildActionMask = 2147483647;
			files = (
				"1494B38763F8A9A916DFF1A2",
				"26CAF05B3B15EF7F070A8ACD",
				"CEA1603D386521716AD9344B",
				"0E37D1B36E7DE5366FF8D4A9",
				"7796C2ED6D55B69113E67EE5",
				"AC9F6A45184CDE0E5194BE82",
				"A4D320C5B1FA71A25A193261",
				"FABFAB1CD7D592F6CEDE2F14",
				"5650C7D269AB0D54328E0AB7",
				"D38A1A3B785E5FE00EED4456",
				"DA1E3CE14374434A588A42D3");
			isa = PBXSourcesBuildPhase;
			runOnlyForDeploymentPostprocessing = 0;
			name = "Compile Sources";
		};
		07DAACEAB2E9CF577DD9F3A1 = {
			isa = PBXFileReference;
			name = "QtWidgets.framework";
			path = "/Users/Birkir/Qt/5.7/clang_64/lib/QtWidgets.framework";
			refType = 0;
			sourceTree = "<absolute>";
			lastKnownFileType = "wrapper.framework";
		};
		EB5ACF88C45C7B5AA9B9D887 = {
			fileRef = "07DAACEAB2E9CF577DD9F3A1";
			isa = PBXBuildFile;
			settings = {
			};
		};
		9DA9B420C62D25258E16C550 = {
			isa = PBXFileReference;
			name = "QtGui.framework";
			path = "/Users/Birkir/Qt/5.7/clang_64/lib/QtGui.framework";
			refType = 0;
			sourceTree = "<absolute>";
			lastKnownFileType = "wrapper.framework";
		};
		C50FBA958D73202CF4C41635 = {
			fileRef = "9DA9B420C62D25258E16C550";
			isa = PBXBuildFile;
			settings = {
			};
		};
		141A3A9CDBF81AE657FD4DC7 = {
			isa = PBXFileReference;
			name = "QtCore.framework";
			path = "/Users/Birkir/Qt/5.7/clang_64/lib/QtCore.framework";
			refType = 0;
			sourceTree = "<absolute>";
			lastKnownFileType = "wrapper.framework";
		};
		6EE56C4A33A7D5530C8776D7 = {
			fileRef = "141A3A9CDBF81AE657FD4DC7";
			isa = PBXBuildFile;
			settings = {
			};
		};
		2B774D8E4178765CE52EAAF5 = {
			isa = PBXFileReference;
			name = "DiskArbitration.framework";
			path = "/System/Library/Frameworks/DiskArbitration.framework";
			refType = 0;
			sourceTree = "<absolute>";
			lastKnownFileType = "wrapper.framework";
		};
		A99B2AA0F9CBBDD12BA126A4 = {
			fileRef = "2B774D8E4178765CE52EAAF5";
			isa = PBXBuildFile;
			settings = {
			};
		};
		A1A67BEAA744704B29168D39 = {
			isa = PBXFileReference;
			name = "IOKit.framework";
			path = "/System/Library/Frameworks/IOKit.framework";
			refType = 0;
			sourceTree = "<absolute>";
			lastKnownFileType = "wrapper.framework";
		};
		8D267F2E4776F0ECA2F49DC8 = {
			fileRef = "A1A67BEAA744704B29168D39";
			isa = PBXBuildFile;
			settings = {
			};
		};
		856DE2C024657617E422D181 = {
			isa = PBXFileReference;
			name = "QtSql.framework";
			path = "/Users/Birkir/Qt/5.7/clang_64/lib/QtSql.framework";
			refType = 0;
			sourceTree = "<absolute>";
			lastKnownFileType = "wrapper.framework";
		};
		F9A32CF4159749AFC1338EB6 = {
			fileRef = "856DE2C024657617E422D181";
			isa = PBXBuildFile;
			settings = {
			};
		};
		D4B32C2222F82AC56BADEB21 = {
			isa = PBXFileReference;
			name = "OpenGL.framework";
			path = "/System/Library/Frameworks/OpenGL.framework";
			refType = 0;
			sourceTree = "<absolute>";
			lastKnownFileType = "wrapper.framework";
		};
		8771A8C96E9C391044035D99 = {
			fileRef = "D4B32C2222F82AC56BADEB21";
			isa = PBXBuildFile;
			settings = {
			};
		};
		8D9815BDB5BD9F90D2BC05C5 = {
			isa = PBXFileReference;
			name = "AGL.framework";
			path = "/System/Library/Frameworks/AGL.framework";
			refType = 0;
			sourceTree = "<absolute>";
			lastKnownFileType = "wrapper.framework";
		};
		E45E51A644D5FC9F942ECE55 = {
			fileRef = "8D9815BDB5BD9F90D2BC05C5";
			isa = PBXBuildFile;
			settings = {
			};
		};
		AF39DD055C3EF8226FBE929D = {
			children = (
				"07DAACEAB2E9CF577DD9F3A1",
				"9DA9B420C62D25258E16C550",
				"141A3A9CDBF81AE657FD4DC7",
				"2B774D8E4178765CE52EAAF5",
				"A1A67BEAA744704B29168D39",
				"856DE2C024657617E422D181",
				"D4B32C2222F82AC56BADEB21",
				"8D9815BDB5BD9F90D2BC05C5");
			isa = PBXGroup;
			name = "Frameworks";
			sourceTree = "<group>";
		};
		D1C883685E82D5676953459A = {
			buildActionMask = 2147483647;
			files = (
				"EB5ACF88C45C7B5AA9B9D887",
				"C50FBA958D73202CF4C41635",
				"6EE56C4A33A7D5530C8776D7",
				"A99B2AA0F9CBBDD12BA126A4",
				"8D267F2E4776F0ECA2F49DC8",
				"F9A32CF4159749AFC1338EB6",
				"8771A8C96E9C391044035D99",
				"E45E51A644D5FC9F942ECE55");
			isa = PBXFrameworksBuildPhase;
			runOnlyForDeploymentPostprocessing = 0;
			name = "Link Binary With Libraries";
		};
		5E90B4B73608AC00E99618B9 = {
			isa = PBXFileReference;
			includeInIndex = 0;
			explicitFileType = "compiled.mach-o.executable";
			path = "VL1-project";
			sourceTree = BUILT_PRODUCTS_DIR;
		};
		FE0A091FDBFB3E9C31B7A1BD = {
			children = (
				"5E90B4B73608AC00E99618B9");
			isa = PBXGroup;
			name = "Products";
			sourceTree = "<group>";
		};
		E8C543AB96796ECAA2E65C57 = {
			children = (
				"2EB56BE3C2D93CDAB0C52E67",
				"25B08E2869634E9BCBA333A2",
				"74B182DB50CB5611B5C1C297",
				"12E908B8A1C3C07C115504F5",
				"AF39DD055C3EF8226FBE929D",
				"FE0A091FDBFB3E9C31B7A1BD");
			isa = PBXGroup;
			name = "VL1-project";
			sourceTree = "<group>";
		};
		8C242754945E9CFC702C7F3C = {
			buildPhases = (
				"5E618435888B9D49F8540165",
				"7EF0942E79C014DCEC8976BC");
			dependencies = (
				);
			buildConfigurationList = 6CC3B5D2136C7CD6A5CF5A59;
			isa = PBXAggregateTarget;
			buildRules = (
);
			productName = "Qt Preprocess";
			name = "Qt Preprocess";
		};
		7770F98EA5FE59038DB30368 = {
			isa = PBXTargetDependency;
			target = "8C242754945E9CFC702C7F3C";
		};
		E869870E03CEBB7E5B5FC6DC = {
			buildPhases = (
				"F7E50F631C51CD5B5DC0BC43",
				"D1C883685E82D5676953459A");
			dependencies = (
				"7770F98EA5FE59038DB30368");
			productReference = "5E90B4B73608AC00E99618B9";
			buildConfigurationList = 6CC3B5D2136C7CD6A5CF5A59;
			isa = PBXNativeTarget;
			buildRules = (
);
			productType = "com.apple.product-type.tool";
			name = "VL1-project";
			productName = "VL1-project";
		};
		3AA6C32AC930069E80220CF1 = {
			isa = XCBuildConfiguration;
			buildSettings = {
				COPY_PHASE_STRIP = "NO";
				ENABLE_BITCODE = "NO";
				GCC_GENERATE_DEBUGGING_SYMBOLS = "YES";
				GCC_OPTIMIZATION_LEVEL = "0";
				PRODUCT_NAME = "VL1-project";
				QT_LIBRARY_SUFFIX = "_debug";
				SDKROOT = "macosx";
				GCC_VERSION = com.apple.compilers.llvm.clang.1_0;
				CC = "/Applications/Xcode.app/Contents/Developer/Toolchains/XcodeDefault.xctoolchain/usr/bin/clang";
				LDPLUSPLUS = "/Applications/Xcode.app/Contents/Developer/Toolchains/XcodeDefault.xctoolchain/usr/bin/clang++";
				SYMROOT = "/Users/Birkir/Desktop/vln1-35/VL1-project";
				DYLIB_CURRENT_VERSION = "1.0.0";
				DYLIB_COMPATIBILITY_VERSION = "1.0";
				MACOSX_DEPLOYMENT_TARGET = "10.8";
				HEADER_SEARCH_PATHS = (
					".",
					"../../../Qt/5.7/clang_64/lib/QtWidgets.framework/Headers",
					"../../../Qt/5.7/clang_64/lib/QtGui.framework/Headers",
					"../../../Qt/5.7/clang_64/lib/QtSql.framework/Headers",
					"../../../Qt/5.7/clang_64/lib/QtCore.framework/Headers",
					".",
					"/Applications/Xcode.app/Contents/Developer/Platforms/MacOSX.platform/Developer/SDKs/MacOSX10.12.sdk/System/Library/Frameworks/OpenGL.framework/Headers",
					"/Applications/Xcode.app/Contents/Developer/Platforms/MacOSX.platform/Developer/SDKs/MacOSX10.12.sdk/System/Library/Frameworks/AGL.framework/Headers",
					".",
					"../../../Qt/5.7/clang_64/mkspecs/macx-clang");
				LIBRARY_SEARCH_PATHS = (
					"/Users/Birkir/Qt/5.7/clang_64/lib",
					"/System/Library/Frameworks/");
				FRAMEWORK_SEARCH_PATHS = (
					"/Users/Birkir/Qt/5.7/clang_64/lib",
					"/Users/Birkir/Qt/5.7/clang_64/lib");
				OTHER_CFLAGS = (
					"-pipe",
					"-O2",
					"-Wall",
					"-W",
					"-fPIC",
					"-DQT_NO_DEBUG",
					"-DQT_WIDGETS_LIB",
					"-DQT_GUI_LIB",
					"-DQT_SQL_LIB",
					"-DQT_CORE_LIB");
				OTHER_CPLUSPLUSFLAGS = (
					"-pipe",
					"-stdlib=libc++",
					"-O2",
					"-std=gnu++11",
					"-Wall",
					"-W",
					"-fPIC",
					"-DQT_NO_DEBUG",
					"-DQT_WIDGETS_LIB",
					"-DQT_GUI_LIB",
					"-DQT_SQL_LIB",
					"-DQT_CORE_LIB");
				OTHER_LDFLAGS = (
						"-headerpad_max_install_names",
						"-stdlib=libc++",
						"-Wl,-rpath,/Users/Birkir/Qt/5.7/clang_64/lib",
						"-F/Users/Birkir/Qt/5.7/clang_64/lib");
				ARCHS = "x86_64";
			};
			name = "Debug";
		};
		77418F46922677BB04ED38DD = {
			isa = XCBuildConfiguration;
			buildSettings = {
				COPY_PHASE_STRIP = "NO";
				ENABLE_BITCODE = "NO";
				GCC_GENERATE_DEBUGGING_SYMBOLS = "YES";
				GCC_OPTIMIZATION_LEVEL = "0";
				PRODUCT_NAME = "VL1-project";
				QT_LIBRARY_SUFFIX = "_debug";
				SDKROOT = "macosx";
				PRODUCT_NAME = "VL1-project";
			};
			name = "Debug";
		};
		339EE1B2CC4FC24589A0EA95 = {
			isa = XCBuildConfiguration;
			buildSettings = {
				COPY_PHASE_STRIP = "YES";
				ENABLE_BITCODE = "NO";
				GCC_GENERATE_DEBUGGING_SYMBOLS = "NO";
				PRODUCT_NAME = "VL1-project";
				QT_LIBRARY_SUFFIX = "";
				SDKROOT = "macosx";
				GCC_VERSION = com.apple.compilers.llvm.clang.1_0;
				CC = "/Applications/Xcode.app/Contents/Developer/Toolchains/XcodeDefault.xctoolchain/usr/bin/clang";
				LDPLUSPLUS = "/Applications/Xcode.app/Contents/Developer/Toolchains/XcodeDefault.xctoolchain/usr/bin/clang++";
				SYMROOT = "/Users/Birkir/Desktop/vln1-35/VL1-project";
				DYLIB_CURRENT_VERSION = "1.0.0";
				DYLIB_COMPATIBILITY_VERSION = "1.0";
				MACOSX_DEPLOYMENT_TARGET = "10.8";
				HEADER_SEARCH_PATHS = (
					".",
					"../../../Qt/5.7/clang_64/lib/QtWidgets.framework/Headers",
					"../../../Qt/5.7/clang_64/lib/QtGui.framework/Headers",
					"../../../Qt/5.7/clang_64/lib/QtSql.framework/Headers",
					"../../../Qt/5.7/clang_64/lib/QtCore.framework/Headers",
					".",
					"/Applications/Xcode.app/Contents/Developer/Platforms/MacOSX.platform/Developer/SDKs/MacOSX10.12.sdk/System/Library/Frameworks/OpenGL.framework/Headers",
					"/Applications/Xcode.app/Contents/Developer/Platforms/MacOSX.platform/Developer/SDKs/MacOSX10.12.sdk/System/Library/Frameworks/AGL.framework/Headers",
					".",
					"../../../Qt/5.7/clang_64/mkspecs/macx-clang");
				LIBRARY_SEARCH_PATHS = (
					"/Users/Birkir/Qt/5.7/clang_64/lib",
					"/System/Library/Frameworks/");
				FRAMEWORK_SEARCH_PATHS = (
					"/Users/Birkir/Qt/5.7/clang_64/lib",
					"/Users/Birkir/Qt/5.7/clang_64/lib");
				OTHER_CFLAGS = (
					"-pipe",
					"-O2",
					"-Wall",
					"-W",
					"-fPIC",
					"-DQT_NO_DEBUG",
					"-DQT_WIDGETS_LIB",
					"-DQT_GUI_LIB",
					"-DQT_SQL_LIB",
					"-DQT_CORE_LIB");
				OTHER_CPLUSPLUSFLAGS = (
					"-pipe",
					"-stdlib=libc++",
					"-O2",
					"-std=gnu++11",
					"-Wall",
					"-W",
					"-fPIC",
					"-DQT_NO_DEBUG",
					"-DQT_WIDGETS_LIB",
					"-DQT_GUI_LIB",
					"-DQT_SQL_LIB",
					"-DQT_CORE_LIB");
				OTHER_LDFLAGS = (
						"-headerpad_max_install_names",
						"-stdlib=libc++",
						"-Wl,-rpath,/Users/Birkir/Qt/5.7/clang_64/lib",
						"-F/Users/Birkir/Qt/5.7/clang_64/lib");
				ARCHS = "x86_64";
			};
			name = "Release";
		};
		6666AA5E688052234F6758D8 = {
			isa = XCBuildConfiguration;
			buildSettings = {
				COPY_PHASE_STRIP = "YES";
				ENABLE_BITCODE = "NO";
				GCC_GENERATE_DEBUGGING_SYMBOLS = "NO";
				PRODUCT_NAME = "VL1-project";
				QT_LIBRARY_SUFFIX = "";
				SDKROOT = "macosx";
				PRODUCT_NAME = "VL1-project";
			};
			name = "Release";
		};
		DAC4C1AA5EDEA1C85E9CA5E6 = {
			isa = XCConfigurationList;
			buildConfigurations = (
				"3AA6C32AC930069E80220CF1",
				"339EE1B2CC4FC24589A0EA95");
			defaultConfigurationIsVisible = 0;
			defaultConfigurationName = "Release";
		};
		6CC3B5D2136C7CD6A5CF5A59 = {
			isa = XCConfigurationList;
			buildConfigurations = (
				"77418F46922677BB04ED38DD",
				"6666AA5E688052234F6758D8");
			defaultConfigurationIsVisible = 0;
			defaultConfigurationName = "Release";
		};
		6DB9C3763D02B1415CD9D565 = {
			hasScannedForEncodings = 1;
			compatibilityVersion = "Xcode 3.2";
			isa = PBXProject;
			mainGroup = "E8C543AB96796ECAA2E65C57";
			productRefGroup = "FE0A091FDBFB3E9C31B7A1BD";
			buildConfigurationList = "DAC4C1AA5EDEA1C85E9CA5E6";
			projectDirPath = "";
			projectRoot = "";
			targets = (
				"E869870E03CEBB7E5B5FC6DC",
				"8C242754945E9CFC702C7F3C");
			attributes = {
				TargetAttributes = {
				};
			};
		};
	};
	rootObject = "6DB9C3763D02B1415CD9D565";
}
